# THIS IS AN AUTOGENERATED FILE. DO NOT EDIT THIS FILE DIRECTLY.
# yarn lockfile v1


<<<<<<< HEAD
localstorage-polyfill@^1.0.1:
  version "1.0.1"
  resolved "https://registry.yarnpkg.com/localstorage-polyfill/-/localstorage-polyfill-1.0.1.tgz#4b3083d4bc51d23b4158537e66816137413fd31a"
  integrity sha1-SzCD1LxR0jtBWFN+ZoFhN0E/0xo=
=======
localstorage-memory@^1.0.3:
  version "1.0.3"
  resolved "https://registry.yarnpkg.com/localstorage-memory/-/localstorage-memory-1.0.3.tgz#566b37968fe0c4d76ba36a6da564fa613945ca72"
  integrity sha512-t9P8WB6DcVttbw/W4PIE8HOqum8Qlvx5SjR6oInwR9Uia0EEmyUeBh7S+weKByW+l/f45Bj4L/dgZikGFDM6ng==
>>>>>>> origin/near
