# THIS IS AN AUTOGENERATED FILE. DO NOT EDIT THIS FILE DIRECTLY.
# yarn lockfile v1


"@polywrap/templates@0.5.0":
  version "0.5.0"
  resolved "https://registry.yarnpkg.com/@polywrap/templates/-/templates-0.5.0.tgz#b303973a1c9d9aa83eb8e2a3c1ac3958a6e8d5e7"
  integrity sha512-g2LX3ZPK58l/DPTQlC31hF2iTCWgsjKqryqM94FtNrXti8uN9V4JoGWwBUW6RWlZEKesi/RMqQyRFDTlPQFkaA==
